
Microsoft Visual Studio Solution File, Format Version 12.00
# Visual Studio 15
VisualStudioVersion = 15.0.27703.2042
MinimumVisualStudioVersion = 10.0.40219.1
Project("{FAE04EC0-301F-11D3-BF4B-00C04F79EFBC}") = "ManagerAndroid", "ManagerAndroid\ManagerAndroid.csproj", "{702E0AE1-F9D5-487C-8DCF-3B379514CE25}"
EndProject
Global
	GlobalSection(SolutionConfigurationPlatforms) = preSolution
		Debug|Any CPU = Debug|Any CPU
		Release|Any CPU = Release|Any CPU
	EndGlobalSection
	GlobalSection(ProjectConfigurationPlatforms) = postSolution
		{702E0AE1-F9D5-487C-8DCF-3B379514CE25}.Debug|Any CPU.ActiveCfg = Debug|Any CPU
		{702E0AE1-F9D5-487C-8DCF-3B379514CE25}.Debug|Any CPU.Build.0 = Debug|Any CPU
		{702E0AE1-F9D5-487C-8DCF-3B379514CE25}.Release|Any CPU.ActiveCfg = Release|Any CPU
		{702E0AE1-F9D5-487C-8DCF-3B379514CE25}.Release|Any CPU.Build.0 = Release|Any CPU
	EndGlobalSection
	GlobalSection(SolutionProperties) = preSolution
		HideSolutionNode = FALSE
	EndGlobalSection
	GlobalSection(ExtensibilityGlobals) = postSolution
		SolutionGuid = {6B6A3108-DD28-47E9-BC00-D5DC5A06AE97}
	EndGlobalSection
EndGlobal
